
Microsoft Visual Studio Solution File, Format Version 12.00
# Visual Studio 15
VisualStudioVersion = 15.0.28307.421
MinimumVisualStudioVersion = 10.0.40219.1
Project("{FAE04EC0-301F-11D3-BF4B-00C04F79EFBC}") = "ReadWordFile", "ReadWordFile\ReadWordFile.csproj", "{851C1376-5882-45C9-AB3A-6D2614C0712B}"
EndProject
Global
	GlobalSection(SolutionConfigurationPlatforms) = preSolution
		Debug|Any CPU = Debug|Any CPU
		Release|Any CPU = Release|Any CPU
	EndGlobalSection
	GlobalSection(ProjectConfigurationPlatforms) = postSolution
		{851C1376-5882-45C9-AB3A-6D2614C0712B}.Debug|Any CPU.ActiveCfg = Debug|Any CPU
		{851C1376-5882-45C9-AB3A-6D2614C0712B}.Debug|Any CPU.Build.0 = Debug|Any CPU
		{851C1376-5882-45C9-AB3A-6D2614C0712B}.Release|Any CPU.ActiveCfg = Release|Any CPU
		{851C1376-5882-45C9-AB3A-6D2614C0712B}.Release|Any CPU.Build.0 = Release|Any CPU
	EndGlobalSection
	GlobalSection(SolutionProperties) = preSolution
		HideSolutionNode = FALSE
	EndGlobalSection
	GlobalSection(ExtensibilityGlobals) = postSolution
		SolutionGuid = {C394BF5F-FEA0-4468-8D4E-501D9DC5DAF9}
	EndGlobalSection
EndGlobal
